
Microsoft Visual Studio Solution File, Format Version 12.00
# Visual Studio Version 16
VisualStudioVersion = 16.0.30611.23
MinimumVisualStudioVersion = 10.0.40219.1
Project("{8BC9CEB8-8B4A-11D0-8D11-00A0C91BC942}") = "04071913025_AbdulRehman_A3(1)", "04071913025_AbdulRehman_A3(1)\04071913025_AbdulRehman_A3(1).vcxproj", "{04EDAE5C-F7D1-4709-B34B-959C0CEC707E}"
EndProject
Global
	GlobalSection(SolutionConfigurationPlatforms) = preSolution
		Debug|x64 = Debug|x64
		Debug|x86 = Debug|x86
		Release|x64 = Release|x64
		Release|x86 = Release|x86
	EndGlobalSection
	GlobalSection(ProjectConfigurationPlatforms) = postSolution
		{04EDAE5C-F7D1-4709-B34B-959C0CEC707E}.Debug|x64.ActiveCfg = Debug|x64
		{04EDAE5C-F7D1-4709-B34B-959C0CEC707E}.Debug|x64.Build.0 = Debug|x64
		{04EDAE5C-F7D1-4709-B34B-959C0CEC707E}.Debug|x86.ActiveCfg = Debug|Win32
		{04EDAE5C-F7D1-4709-B34B-959C0CEC707E}.Debug|x86.Build.0 = Debug|Win32
		{04EDAE5C-F7D1-4709-B34B-959C0CEC707E}.Release|x64.ActiveCfg = Release|x64
		{04EDAE5C-F7D1-4709-B34B-959C0CEC707E}.Release|x64.Build.0 = Release|x64
		{04EDAE5C-F7D1-4709-B34B-959C0CEC707E}.Release|x86.ActiveCfg = Release|Win32
		{04EDAE5C-F7D1-4709-B34B-959C0CEC707E}.Release|x86.Build.0 = Release|Win32
	EndGlobalSection
	GlobalSection(SolutionProperties) = preSolution
		HideSolutionNode = FALSE
	EndGlobalSection
	GlobalSection(ExtensibilityGlobals) = postSolution
		SolutionGuid = {1DCD4E88-22E5-4709-911E-B4225CA26090}
	EndGlobalSection
EndGlobal
